
Microsoft Visual Studio Solution File, Format Version 12.00
# Visual Studio Version 17
VisualStudioVersion = 17.7.34221.43
MinimumVisualStudioVersion = 10.0.40219.1
Project("{8BC9CEB8-8B4A-11D0-8D11-00A0C91BC942}") = "ot", "ot.vcxproj", "{7706D1EF-7133-4833-8EA1-D239B73793BE}"
EndProject
Global
	GlobalSection(SolutionConfigurationPlatforms) = preSolution
		Debug|ARM = Debug|ARM
		Debug|ARM64 = Debug|ARM64
		Release|ARM = Release|ARM
		Release|ARM64 = Release|ARM64
	EndGlobalSection
	GlobalSection(ProjectConfigurationPlatforms) = postSolution
		{7706D1EF-7133-4833-8EA1-D239B73793BE}.Debug|ARM.ActiveCfg = Debug|ARM64
		{7706D1EF-7133-4833-8EA1-D239B73793BE}.Debug|ARM.Build.0 = Debug|ARM64
		{7706D1EF-7133-4833-8EA1-D239B73793BE}.Debug|ARM.Deploy.0 = Debug|ARM64
		{7706D1EF-7133-4833-8EA1-D239B73793BE}.Debug|ARM64.ActiveCfg = Debug|ARM64
		{7706D1EF-7133-4833-8EA1-D239B73793BE}.Debug|ARM64.Build.0 = Debug|ARM64
		{7706D1EF-7133-4833-8EA1-D239B73793BE}.Debug|ARM64.Deploy.0 = Debug|ARM64
		{7706D1EF-7133-4833-8EA1-D239B73793BE}.Release|ARM.ActiveCfg = Release|ARM
		{7706D1EF-7133-4833-8EA1-D239B73793BE}.Release|ARM.Build.0 = Release|ARM
		{7706D1EF-7133-4833-8EA1-D239B73793BE}.Release|ARM.Deploy.0 = Release|ARM
		{7706D1EF-7133-4833-8EA1-D239B73793BE}.Release|ARM64.ActiveCfg = Release|ARM64
		{7706D1EF-7133-4833-8EA1-D239B73793BE}.Release|ARM64.Build.0 = Release|ARM64
		{7706D1EF-7133-4833-8EA1-D239B73793BE}.Release|ARM64.Deploy.0 = Release|ARM64
	EndGlobalSection
	GlobalSection(SolutionProperties) = preSolution
		HideSolutionNode = FALSE
	EndGlobalSection
	GlobalSection(ExtensibilityGlobals) = postSolution
		SolutionGuid = {40661901-5C62-4985-B66A-E3BEDAD909FA}
	EndGlobalSection
EndGlobal
